
Microsoft Visual Studio Solution File, Format Version 12.00
# Visual Studio 15
VisualStudioVersion = 15.0.28307.902
MinimumVisualStudioVersion = 10.0.40219.1
Project("{FAE04EC0-301F-11D3-BF4B-00C04F79EFBC}") = "ImageToCSV", "ImageToCSV\ImageToCSV.csproj", "{3AEF1003-FC7D-45D1-9FCD-AF9B8D6AE936}"
EndProject
Global
	GlobalSection(SolutionConfigurationPlatforms) = preSolution
		Debug|Any CPU = Debug|Any CPU
		Release|Any CPU = Release|Any CPU
	EndGlobalSection
	GlobalSection(ProjectConfigurationPlatforms) = postSolution
		{3AEF1003-FC7D-45D1-9FCD-AF9B8D6AE936}.Debug|Any CPU.ActiveCfg = Debug|Any CPU
		{3AEF1003-FC7D-45D1-9FCD-AF9B8D6AE936}.Debug|Any CPU.Build.0 = Debug|Any CPU
		{3AEF1003-FC7D-45D1-9FCD-AF9B8D6AE936}.Release|Any CPU.ActiveCfg = Release|Any CPU
		{3AEF1003-FC7D-45D1-9FCD-AF9B8D6AE936}.Release|Any CPU.Build.0 = Release|Any CPU
	EndGlobalSection
	GlobalSection(SolutionProperties) = preSolution
		HideSolutionNode = FALSE
	EndGlobalSection
	GlobalSection(ExtensibilityGlobals) = postSolution
		SolutionGuid = {43AB998F-CEAB-497A-92C1-DE9B60252044}
	EndGlobalSection
EndGlobal
